// !$*UTF8*$!
{
	archiveVersion = 1;
	classes = {
	};
	objectVersion = 48;
	objects = {

/* Begin PBXBuildFile section */
		A926CD082052E2E700CA94E1 /* LVView.m in Sources */ = {isa = PBXBuildFile; fileRef = A926CD072052E2E700CA94E1 /* LVView.m */; };
		A92C87262047ACF900830555 /* AppDelegate.m in Sources */ = {isa = PBXBuildFile; fileRef = A92C87252047ACF900830555 /* AppDelegate.m */; };
		A92C87292047ACF900830555 /* ViewController.m in Sources */ = {isa = PBXBuildFile; fileRef = A92C87282047ACF900830555 /* ViewController.m */; };
		A92C872C2047ACF900830555 /* Main.storyboard in Resources */ = {isa = PBXBuildFile; fileRef = A92C872A2047ACF900830555 /* Main.storyboard */; };
		A92C872E2047ACF900830555 /* Assets.xcassets in Resources */ = {isa = PBXBuildFile; fileRef = A92C872D2047ACF900830555 /* Assets.xcassets */; };
		A92C87312047ACF900830555 /* LaunchScreen.storyboard in Resources */ = {isa = PBXBuildFile; fileRef = A92C872F2047ACF900830555 /* LaunchScreen.storyboard */; };
		A92C87342047ACF900830555 /* main.m in Sources */ = {isa = PBXBuildFile; fileRef = A92C87332047ACF900830555 /* main.m */; };
		A92C873D2047AD6000830555 /* LoadSourceManager.m in Sources */ = {isa = PBXBuildFile; fileRef = A92C873C2047AD6000830555 /* LoadSourceManager.m */; };
/* End PBXBuildFile section */

/* Begin PBXFileReference section */
		A926CD062052E2E700CA94E1 /* LVView.h */ = {isa = PBXFileReference; lastKnownFileType = sourcecode.c.h; path = LVView.h; sourceTree = "<group>"; };
		A926CD072052E2E700CA94E1 /* LVView.m */ = {isa = PBXFileReference; lastKnownFileType = sourcecode.c.objc; path = LVView.m; sourceTree = "<group>"; };
		A92C87212047ACF800830555 /* QueueDonwload.app */ = {isa = PBXFileReference; explicitFileType = wrapper.application; includeInIndex = 0; path = QueueDonwload.app; sourceTree = BUILT_PRODUCTS_DIR; };
		A92C87242047ACF900830555 /* AppDelegate.h */ = {isa = PBXFileReference; lastKnownFileType = sourcecode.c.h; path = AppDelegate.h; sourceTree = "<group>"; };
		A92C87252047ACF900830555 /* AppDelegate.m */ = {isa = PBXFileReference; lastKnownFileType = sourcecode.c.objc; path = AppDelegate.m; sourceTree = "<group>"; };
		A92C87272047ACF900830555 /* ViewController.h */ = {isa = PBXFileReference; lastKnownFileType = sourcecode.c.h; path = ViewController.h; sourceTree = "<group>"; };
		A92C87282047ACF900830555 /* ViewController.m */ = {isa = PBXFileReference; lastKnownFileType = sourcecode.c.objc; path = ViewController.m; sourceTree = "<group>"; };
		A92C872B2047ACF900830555 /* Base */ = {isa = PBXFileReference; lastKnownFileType = file.storyboard; name = Base; path = Base.lproj/Main.storyboard; sourceTree = "<group>"; };
		A92C872D2047ACF900830555 /* Assets.xcassets */ = {isa = PBXFileReference; lastKnownFileType = folder.assetcatalog; path = Assets.xcassets; sourceTree = "<group>"; };
		A92C87302047ACF900830555 /* Base */ = {isa = PBXFileReference; lastKnownFileType = file.storyboard; name = Base; path = Base.lproj/LaunchScreen.storyboard; sourceTree = "<group>"; };
		A92C87322047ACF900830555 /* Info.plist */ = {isa = PBXFileReference; lastKnownFileType = text.plist.xml; path = Info.plist; sourceTree = "<group>"; };
		A92C87332047ACF900830555 /* main.m */ = {isa = PBXFileReference; lastKnownFileType = sourcecode.c.objc; path = main.m; sourceTree = "<group>"; };
		A92C873B2047AD6000830555 /* LoadSourceManager.h */ = {isa = PBXFileReference; lastKnownFileType = sourcecode.c.h; path = LoadSourceManager.h; sourceTree = "<group>"; };
		A92C873C2047AD6000830555 /* LoadSourceManager.m */ = {isa = PBXFileReference; lastKnownFileType = sourcecode.c.objc; path = LoadSourceManager.m; sourceTree = "<group>"; };
/* End PBXFileReference section */

/* Begin PBXFrameworksBuildPhase section */
		A92C871E2047ACF800830555 /* Frameworks */ = {
			isa = PBXFrameworksBuildPhase;
			buildActionMask = 2147483647;
			files = (
			);
			runOnlyForDeploymentPostprocessing = 0;
		};
/* End PBXFrameworksBuildPhase section */

/* Begin PBXGroup section */
		A92C87182047ACF800830555 = {
			isa = PBXGroup;
			children = (
				A92C873A2047AD3C00830555 /* Class */,
				A92C87232047ACF800830555 /* QueueDonwload */,
				A92C87222047ACF800830555 /* Products */,
			);
			sourceTree = "<group>";
		};
		A92C87222047ACF800830555 /* Products */ = {
			isa = PBXGroup;
			children = (
				A92C87212047ACF800830555 /* QueueDonwload.app */,
			);
			name = Products;
			sourceTree = "<group>";
		};
		A92C87232047ACF800830555 /* QueueDonwload */ = {
			isa = PBXGroup;
			children = (
				A92C87242047ACF900830555 /* AppDelegate.h */,
				A92C87252047ACF900830555 /* AppDelegate.m */,
				A92C87272047ACF900830555 /* ViewController.h */,
				A92C87282047ACF900830555 /* ViewController.m */,
				A92C872A2047ACF900830555 /* Main.storyboard */,
				A92C872D2047ACF900830555 /* Assets.xcassets */,
				A92C872F2047ACF900830555 /* LaunchScreen.storyboard */,
				A92C87322047ACF900830555 /* Info.plist */,
				A92C87332047ACF900830555 /* main.m */,
			);
			path = QueueDonwload;
			sourceTree = "<group>";
		};
		A92C873A2047AD3C00830555 /* Class */ = {
			isa = PBXGroup;
			children = (
				A92C873B2047AD6000830555 /* LoadSourceManager.h */,
				A92C873C2047AD6000830555 /* LoadSourceManager.m */,
				A926CD062052E2E700CA94E1 /* LVView.h */,
				A926CD072052E2E700CA94E1 /* LVView.m */,
			);
			path = Class;
			sourceTree = "<group>";
		};
/* End PBXGroup section */

/* Begin PBXNativeTarget section */
		A92C87202047ACF800830555 /* QueueDonwload */ = {
			isa = PBXNativeTarget;
			buildConfigurationList = A92C87372047ACF900830555 /* Build configuration list for PBXNativeTarget "QueueDonwload" */;
			buildPhases = (
				A92C871D2047ACF800830555 /* Sources */,
				A92C871E2047ACF800830555 /* Frameworks */,
				A92C871F2047ACF800830555 /* Resources */,
			);
			buildRules = (
			);
			dependencies = (
			);
			name = QueueDonwload;
			productName = QueueDonwload;
			productReference = A92C87212047ACF800830555 /* QueueDonwload.app */;
			productType = "com.apple.product-type.application";
		};
/* End PBXNativeTarget section */

/* Begin PBXProject section */
		A92C87192047ACF800830555 /* Project object */ = {
			isa = PBXProject;
			attributes = {
				LastUpgradeCheck = 0920;
				ORGANIZATIONNAME = LV;
				TargetAttributes = {
					A92C87202047ACF800830555 = {
						CreatedOnToolsVersion = 9.2;
						ProvisioningStyle = Automatic;
					};
				};
			};
			buildConfigurationList = A92C871C2047ACF800830555 /* Build configuration list for PBXProject "QueueDonwload" */;
			compatibilityVersion = "Xcode 8.0";
			developmentRegion = en;
			hasScannedForEncodings = 0;
			knownRegions = (
				en,
				Base,
			);
			mainGroup = A92C87182047ACF800830555;
			productRefGroup = A92C87222047ACF800830555 /* Products */;
			projectDirPath = "";
			projectRoot = "";
			targets = (
				A92C87202047ACF800830555 /* QueueDonwload */,
			);
		};
/* End PBXProject section */

/* Begin PBXResourcesBuildPhase section */
		A92C871F2047ACF800830555 /* Resources */ = {
			isa = PBXResourcesBuildPhase;
			buildActionMask = 2147483647;
			files = (
				A92C87312047ACF900830555 /* LaunchScreen.storyboard in Resources */,
				A92C872E2047ACF900830555 /* Assets.xcassets in Resources */,
				A92C872C2047ACF900830555 /* Main.storyboard in Resources */,
			);
			runOnlyForDeploymentPostprocessing = 0;
		};
/* End PBXResourcesBuildPhase section */

/* Begin PBXSourcesBuildPhase section */
		A92C871D2047ACF800830555 /* Sources */ = {
			isa = PBXSourcesBuildPhase;
			buildActionMask = 2147483647;
			files = (
				A92C87292047ACF900830555 /* ViewController.m in Sources */,
				A92C87342047ACF900830555 /* main.m in Sources */,
				A92C873D2047AD6000830555 /* LoadSourceManager.m in Sources */,
				A92C87262047ACF900830555 /* AppDelegate.m in Sources */,
				A926CD082052E2E700CA94E1 /* LVView.m in Sources */,
			);
			runOnlyForDeploymentPostprocessing = 0;
		};
/* End PBXSourcesBuildPhase section */

/* Begin PBXVariantGroup section */
		A92C872A2047ACF900830555 /* Main.storyboard */ = {
			isa = PBXVariantGroup;
			children = (
				A92C872B2047ACF900830555 /* Base */,
			);
			name = Main.storyboard;
			sourceTree = "<group>";
		};
		A92C872F2047ACF900830555 /* LaunchScreen.storyboard */ = {
			isa = PBXVariantGroup;
			children = (
				A92C87302047ACF900830555 /* Base */,
			);
			name = LaunchScreen.storyboard;
			sourceTree = "<group>";
		};
/* End PBXVariantGroup section */

/* Begin XCBuildConfiguration section */
		A92C87352047ACF900830555 /* Debug */ = {
			isa = XCBuildConfiguration;
			buildSettings = {
				ALWAYS_SEARCH_USER_PATHS = NO;
				CLANG_ANALYZER_NONNULL = YES;
				CLANG_ANALYZER_NUMBER_OBJECT_CONVERSION = YES_AGGRESSIVE;
				CLANG_CXX_LANGUAGE_STANDARD = "gnu++14";
				CLANG_CXX_LIBRARY = "libc++";
				CLANG_ENABLE_MODULES = YES;
				CLANG_ENABLE_OBJC_ARC = YES;
				CLANG_WARN_BLOCK_CAPTURE_AUTORELEASING = YES;
				CLANG_WARN_BOOL_CONVERSION = YES;
				CLANG_WARN_COMMA = YES;
				CLANG_WARN_CONSTANT_CONVERSION = YES;
				CLANG_WARN_DIRECT_OBJC_ISA_USAGE = YES_ERROR;
				CLANG_WARN_DOCUMENTATION_COMMENTS = YES;
				CLANG_WARN_EMPTY_BODY = YES;
				CLANG_WARN_ENUM_CONVERSION = YES;
				CLANG_WARN_INFINITE_RECURSION = YES;
				CLANG_WARN_INT_CONVERSION = YES;
				CLANG_WARN_NON_LITERAL_NULL_CONVERSION = YES;
				CLANG_WARN_OBJC_LITERAL_CONVERSION = YES;
				CLANG_WARN_OBJC_ROOT_CLASS = YES_ERROR;
				CLANG_WARN_RANGE_LOOP_ANALYSIS = YES;
				CLANG_WARN_STRICT_PROTOTYPES = YES;
				CLANG_WARN_SUSPICIOUS_MOVE = YES;
				CLANG_WARN_UNGUARDED_AVAILABILITY = YES_AGGRESSIVE;
				CLANG_WARN_UNREACHABLE_CODE = YES;
				CLANG_WARN__DUPLICATE_METHOD_MATCH = YES;
				CODE_SIGN_IDENTITY = "iPhone Developer";
				COPY_PHASE_STRIP = NO;
				DEBUG_INFORMATION_FORMAT = dwarf;
				ENABLE_STRICT_OBJC_MSGSEND = YES;
				ENABLE_TESTABILITY = YES;
				GCC_C_LANGUAGE_STANDARD = gnu11;
				GCC_DYNAMIC_NO_PIC = NO;
				GCC_NO_COMMON_BLOCKS = YES;
				GCC_OPTIMIZATION_LEVEL = 0;
				GCC_PREPROCESSOR_DEFINITIONS = (
					"DEBUG=1",
					"$(inherited)",
				);
				GCC_WARN_64_TO_32_BIT_CONVERSION = YES;
				GCC_WARN_ABOUT_RETURN_TYPE = YES_ERROR;
				GCC_WARN_UNDECLARED_SELECTOR = YES;
				GCC_WARN_UNINITIALIZED_AUTOS = YES_AGGRESSIVE;
				GCC_WARN_UNUSED_FUNCTION = YES;
				GCC_WARN_UNUSED_VARIABLE = YES;
				IPHONEOS_DEPLOYMENT_TARGET = 11.2;
				MTL_ENABLE_DEBUG_INFO = YES;
				ONLY_ACTIVE_ARCH = YES;
				SDKROOT = iphoneos;
			};
			name = Debug;
		};
		A92C87362047ACF900830555 /* Release */ = {
			isa = XCBuildConfiguration;
			buildSettings = {
				ALWAYS_SEARCH_USER_PATHS = NO;
				CLANG_ANALYZER_NONNULL = YES;
				CLANG_ANALYZER_NUMBER_OBJECT_CONVERSION = YES_AGGRESSIVE;
				CLANG_CXX_LANGUAGE_STANDARD = "gnu++14";
				CLANG_CXX_LIBRARY = "libc++";
				CLANG_ENABLE_MODULES = YES;
				CLANG_ENABLE_OBJC_ARC = YES;
				CLANG_WARN_BLOCK_CAPTURE_AUTORELEASING = YES;
				CLANG_WARN_BOOL_CONVERSION = YES;
				CLANG_WARN_COMMA = YES;
				CLANG_WARN_CONSTANT_CONVERSION = YES;
				CLANG_WARN_DIRECT_OBJC_ISA_USAGE = YES_ERROR;
				CLANG_WARN_DOCUMENTATION_COMMENTS = YES;
				CLANG_WARN_EMPTY_BODY = YES;
				CLANG_WARN_ENUM_CONVERSION = YES;
				CLANG_WARN_INFINITE_RECURSION = YES;
				CLANG_WARN_INT_CONVERSION = YES;
				CLANG_WARN_NON_LITERAL_NULL_CONVERSION = YES;
				CLANG_WARN_OBJC_LITERAL_CONVERSION = YES;
				CLANG_WARN_OBJC_ROOT_CLASS = YES_ERROR;
				CLANG_WARN_RANGE_LOOP_ANALYSIS = YES;
				CLANG_WARN_STRICT_PROTOTYPES = YES;
				CLANG_WARN_SUSPICIOUS_MOVE = YES;
				CLANG_WARN_UNGUARDED_AVAILABILITY = YES_AGGRESSIVE;
				CLANG_WARN_UNREACHABLE_CODE = YES;
				CLANG_WARN__DUPLICATE_METHOD_MATCH = YES;
				CODE_SIGN_IDENTITY = "iPhone Developer";
				COPY_PHASE_STRIP = NO;
				DEBUG_INFORMATION_FORMAT = "dwarf-with-dsym";
				ENABLE_NS_ASSERTIONS = NO;
				ENABLE_STRICT_OBJC_MSGSEND = YES;
				GCC_C_LANGUAGE_STANDARD = gnu11;
				GCC_NO_COMMON_BLOCKS = YES;
				GCC_WARN_64_TO_32_BIT_CONVERSION = YES;
				GCC_WARN_ABOUT_RETURN_TYPE = YES_ERROR;
				GCC_WARN_UNDECLARED_SELECTOR = YES;
				GCC_WARN_UNINITIALIZED_AUTOS = YES_AGGRESSIVE;
				GCC_WARN_UNUSED_FUNCTION = YES;
				GCC_WARN_UNUSED_VARIABLE = YES;
				IPHONEOS_DEPLOYMENT_TARGET = 11.2;
				MTL_ENABLE_DEBUG_INFO = NO;
				SDKROOT = iphoneos;
				VALIDATE_PRODUCT = YES;
			};
			name = Release;
		};
		A92C87382047ACF900830555 /* Debug */ = {
			isa = XCBuildConfiguration;
			buildSettings = {
				ASSETCATALOG_COMPILER_APPICON_NAME = AppIcon;
				CODE_SIGN_STYLE = Automatic;
				DEVELOPMENT_TEAM = T4654Y4Z9R;
				INFOPLIST_FILE = QueueDonwload/Info.plist;
				IPHONEOS_DEPLOYMENT_TARGET = 8.0;
				LD_RUNPATH_SEARCH_PATHS = "$(inherited) @executable_path/Frameworks";
				PRODUCT_BUNDLE_IDENTIFIER = LV.QueueDonwload;
				PRODUCT_NAME = "$(TARGET_NAME)";
				TARGETED_DEVICE_FAMILY = "1,2";
			};
			name = Debug;
		};
		A92C87392047ACF900830555 /* Release */ = {
			isa = XCBuildConfiguration;
			buildSettings = {
				ASSETCATALOG_COMPILER_APPICON_NAME = AppIcon;
				CODE_SIGN_STYLE = Automatic;
				DEVELOPMENT_TEAM = T4654Y4Z9R;
				INFOPLIST_FILE = QueueDonwload/Info.plist;
				IPHONEOS_DEPLOYMENT_TARGET = 8.0;
				LD_RUNPATH_SEARCH_PATHS = "$(inherited) @executable_path/Frameworks";
				PRODUCT_BUNDLE_IDENTIFIER = LV.QueueDonwload;
				PRODUCT_NAME = "$(TARGET_NAME)";
				TARGETED_DEVICE_FAMILY = "1,2";
			};
			name = Release;
		};
/* End XCBuildConfiguration section */

/* Begin XCConfigurationList section */
		A92C871C2047ACF800830555 /* Build configuration list for PBXProject "QueueDonwload" */ = {
			isa = XCConfigurationList;
			buildConfigurations = (
				A92C87352047ACF900830555 /* Debug */,
				A92C87362047ACF900830555 /* Release */,
			);
			defaultConfigurationIsVisible = 0;
			defaultConfigurationName = Release;
		};
		A92C87372047ACF900830555 /* Build configuration list for PBXNativeTarget "QueueDonwload" */ = {
			isa = XCConfigurationList;
			buildConfigurations = (
				A92C87382047ACF900830555 /* Debug */,
				A92C87392047ACF900830555 /* Release */,
			);
			defaultConfigurationIsVisible = 0;
			defaultConfigurationName = Release;
		};
/* End XCConfigurationList section */
	};
	rootObject = A92C87192047ACF800830555 /* Project object */;
}
